
Microsoft Visual Studio Solution File, Format Version 12.00
# Visual Studio Version 17
VisualStudioVersion = 17.2.32630.192
MinimumVisualStudioVersion = 10.0.40219.1
Project("{FAE04EC0-301F-11D3-BF4B-00C04F79EFBC}") = "Test.Web", "Test.Web\Test.Web.csproj", "{48F97E76-9527-45C1-8F4D-556C768639E7}"
EndProject
Project("{FAE04EC0-301F-11D3-BF4B-00C04F79EFBC}") = "Test.Data", "Test.Data\Test.Data.csproj", "{CADDCE80-D41D-4228-B866-D7F680C3C9B5}"
EndProject
Project("{FAE04EC0-301F-11D3-BF4B-00C04F79EFBC}") = "Test.Models", "Test.Models\Test.Models.csproj", "{A50747F7-B2AA-4445-8F7C-3F4612C59F42}"
EndProject
Global
	GlobalSection(SolutionConfigurationPlatforms) = preSolution
		Debug|Any CPU = Debug|Any CPU
		Release|Any CPU = Release|Any CPU
	EndGlobalSection
	GlobalSection(ProjectConfigurationPlatforms) = postSolution
		{48F97E76-9527-45C1-8F4D-556C768639E7}.Debug|Any CPU.ActiveCfg = Debug|Any CPU
		{48F97E76-9527-45C1-8F4D-556C768639E7}.Debug|Any CPU.Build.0 = Debug|Any CPU
		{48F97E76-9527-45C1-8F4D-556C768639E7}.Release|Any CPU.ActiveCfg = Release|Any CPU
		{48F97E76-9527-45C1-8F4D-556C768639E7}.Release|Any CPU.Build.0 = Release|Any CPU
		{CADDCE80-D41D-4228-B866-D7F680C3C9B5}.Debug|Any CPU.ActiveCfg = Debug|Any CPU
		{CADDCE80-D41D-4228-B866-D7F680C3C9B5}.Debug|Any CPU.Build.0 = Debug|Any CPU
		{CADDCE80-D41D-4228-B866-D7F680C3C9B5}.Release|Any CPU.ActiveCfg = Release|Any CPU
		{CADDCE80-D41D-4228-B866-D7F680C3C9B5}.Release|Any CPU.Build.0 = Release|Any CPU
		{A50747F7-B2AA-4445-8F7C-3F4612C59F42}.Debug|Any CPU.ActiveCfg = Debug|Any CPU
		{A50747F7-B2AA-4445-8F7C-3F4612C59F42}.Debug|Any CPU.Build.0 = Debug|Any CPU
		{A50747F7-B2AA-4445-8F7C-3F4612C59F42}.Release|Any CPU.ActiveCfg = Release|Any CPU
		{A50747F7-B2AA-4445-8F7C-3F4612C59F42}.Release|Any CPU.Build.0 = Release|Any CPU
	EndGlobalSection
	GlobalSection(SolutionProperties) = preSolution
		HideSolutionNode = FALSE
	EndGlobalSection
	GlobalSection(ExtensibilityGlobals) = postSolution
		SolutionGuid = {CC64B1FF-A3A7-4B26-B9BC-3E30BBCB74E6}
	EndGlobalSection
EndGlobal
